
Microsoft Visual Studio Solution File, Format Version 12.00
# Visual Studio Version 17
VisualStudioVersion = 17.8.34511.84
MinimumVisualStudioVersion = 10.0.40219.1
Project("{FAE04EC0-301F-11D3-BF4B-00C04F79EFBC}") = "Boogle Thomas Pautras", "Boogle Thomas Pautras.csproj", "{3A4FFF02-2BB4-488E-80D5-BEA33D8A2136}"
EndProject
Project("{FAE04EC0-301F-11D3-BF4B-00C04F79EFBC}") = "Boogle_Test", "..\Boogle_Test\Boogle_Test.csproj", "{693E3FD8-3AFC-4D17-8BD8-FB7FB1F07531}"
EndProject
Global
	GlobalSection(SolutionConfigurationPlatforms) = preSolution
		Debug|Any CPU = Debug|Any CPU
		Release|Any CPU = Release|Any CPU
	EndGlobalSection
	GlobalSection(ProjectConfigurationPlatforms) = postSolution
		{3A4FFF02-2BB4-488E-80D5-BEA33D8A2136}.Debug|Any CPU.ActiveCfg = Debug|Any CPU
		{3A4FFF02-2BB4-488E-80D5-BEA33D8A2136}.Debug|Any CPU.Build.0 = Debug|Any CPU
		{3A4FFF02-2BB4-488E-80D5-BEA33D8A2136}.Release|Any CPU.ActiveCfg = Release|Any CPU
		{3A4FFF02-2BB4-488E-80D5-BEA33D8A2136}.Release|Any CPU.Build.0 = Release|Any CPU
		{693E3FD8-3AFC-4D17-8BD8-FB7FB1F07531}.Debug|Any CPU.ActiveCfg = Debug|Any CPU
		{693E3FD8-3AFC-4D17-8BD8-FB7FB1F07531}.Debug|Any CPU.Build.0 = Debug|Any CPU
		{693E3FD8-3AFC-4D17-8BD8-FB7FB1F07531}.Release|Any CPU.ActiveCfg = Release|Any CPU
		{693E3FD8-3AFC-4D17-8BD8-FB7FB1F07531}.Release|Any CPU.Build.0 = Release|Any CPU
	EndGlobalSection
	GlobalSection(SolutionProperties) = preSolution
		HideSolutionNode = FALSE
	EndGlobalSection
	GlobalSection(ExtensibilityGlobals) = postSolution
		SolutionGuid = {4F2C6ADF-0FE7-4FB5-B06A-6EF124B7AADB}
	EndGlobalSection
EndGlobal
